// !$*UTF8*$!
{
	archiveVersion = 1;
	classes = {
	};
	objectVersion = 50;
	objects = {

/* Begin PBXBuildFile section */
		2E86297026F9198700E59C48 /* LookForBussiness.framework in Frameworks */ = {isa = PBXBuildFile; fileRef = 2E86296626F9198700E59C48 /* LookForBussiness.framework */; };
		2E86297526F9198700E59C48 /* LookForBussinessTests.swift in Sources */ = {isa = PBXBuildFile; fileRef = 2E86297426F9198700E59C48 /* LookForBussinessTests.swift */; };
		2E8629BE26F9264100E59C48 /* HttpRequestable.swift in Sources */ = {isa = PBXBuildFile; fileRef = 2E8629BD26F9264100E59C48 /* HttpRequestable.swift */; };
		2E8629C126F926D300E59C48 /* CoreError.swift in Sources */ = {isa = PBXBuildFile; fileRef = 2E8629C026F926D300E59C48 /* CoreError.swift */; };
		2E8629C326F9272600E59C48 /* GenericHTTPClient.swift in Sources */ = {isa = PBXBuildFile; fileRef = 2E8629C226F9272600E59C48 /* GenericHTTPClient.swift */; };
		2E8629C626F927C900E59C48 /* GetBusiness.swift in Sources */ = {isa = PBXBuildFile; fileRef = 2E8629C526F927C900E59C48 /* GetBusiness.swift */; };
		2E8629CA26F927F800E59C48 /* GetBusinessesEndPoint.swift in Sources */ = {isa = PBXBuildFile; fileRef = 2E8629C926F927F800E59C48 /* GetBusinessesEndPoint.swift */; };
		2E8629CD26F9283500E59C48 /* GetBusinessDetail.swift in Sources */ = {isa = PBXBuildFile; fileRef = 2E8629CC26F9283500E59C48 /* GetBusinessDetail.swift */; };
		2E8629CF26F9285C00E59C48 /* GetBusinessDetailEndpoint.swift in Sources */ = {isa = PBXBuildFile; fileRef = 2E8629CE26F9285C00E59C48 /* GetBusinessDetailEndpoint.swift */; };
		2E8629D126F9287E00E59C48 /* ReleaseConfig.xcconfig in Resources */ = {isa = PBXBuildFile; fileRef = 2E8629D026F9287E00E59C48 /* ReleaseConfig.xcconfig */; };
		2E8629D326F9297100E59C48 /* Configuration.swift in Sources */ = {isa = PBXBuildFile; fileRef = 2E8629D226F9297100E59C48 /* Configuration.swift */; };
		2E8629D526F92BA000E59C48 /* BusinessDetailDTOs.swift in Sources */ = {isa = PBXBuildFile; fileRef = 2E8629D426F92BA000E59C48 /* BusinessDetailDTOs.swift */; };
		2E8629D726F92CCE00E59C48 /* BusinessDTOs.swift in Sources */ = {isa = PBXBuildFile; fileRef = 2E8629D626F92CCE00E59C48 /* BusinessDTOs.swift */; };
		2E8629D926F92F1D00E59C48 /* BusinessDetailParser.swift in Sources */ = {isa = PBXBuildFile; fileRef = 2E8629D826F92F1D00E59C48 /* BusinessDetailParser.swift */; };
		2E8629DB26F9312100E59C48 /* BusinessesParser.swift in Sources */ = {isa = PBXBuildFile; fileRef = 2E8629DA26F9312100E59C48 /* BusinessesParser.swift */; };
		2ECE0F4326FBB2DB004E0553 /* DevConfig.xcconfig in Resources */ = {isa = PBXBuildFile; fileRef = 2ECE0F4226FBB2DB004E0553 /* DevConfig.xcconfig */; };
/* End PBXBuildFile section */

/* Begin PBXContainerItemProxy section */
		2E86297126F9198700E59C48 /* PBXContainerItemProxy */ = {
			isa = PBXContainerItemProxy;
			containerPortal = 2E86295D26F9198700E59C48 /* Project object */;
			proxyType = 1;
			remoteGlobalIDString = 2E86296526F9198700E59C48;
			remoteInfo = LookForBussiness;
		};
/* End PBXContainerItemProxy section */

/* Begin PBXFileReference section */
		2E86296626F9198700E59C48 /* LookForBussiness.framework */ = {isa = PBXFileReference; explicitFileType = wrapper.framework; includeInIndex = 0; path = LookForBussiness.framework; sourceTree = BUILT_PRODUCTS_DIR; };
		2E86296A26F9198700E59C48 /* Info.plist */ = {isa = PBXFileReference; lastKnownFileType = text.plist.xml; path = Info.plist; sourceTree = "<group>"; };
		2E86296F26F9198700E59C48 /* LookForBussinessTests.xctest */ = {isa = PBXFileReference; explicitFileType = wrapper.cfbundle; includeInIndex = 0; path = LookForBussinessTests.xctest; sourceTree = BUILT_PRODUCTS_DIR; };
		2E86297426F9198700E59C48 /* LookForBussinessTests.swift */ = {isa = PBXFileReference; lastKnownFileType = sourcecode.swift; path = LookForBussinessTests.swift; sourceTree = "<group>"; };
		2E86297626F9198700E59C48 /* Info.plist */ = {isa = PBXFileReference; lastKnownFileType = text.plist.xml; path = Info.plist; sourceTree = "<group>"; };
		2E8629BD26F9264100E59C48 /* HttpRequestable.swift */ = {isa = PBXFileReference; lastKnownFileType = sourcecode.swift; path = HttpRequestable.swift; sourceTree = "<group>"; };
		2E8629C026F926D300E59C48 /* CoreError.swift */ = {isa = PBXFileReference; lastKnownFileType = sourcecode.swift; path = CoreError.swift; sourceTree = "<group>"; };
		2E8629C226F9272600E59C48 /* GenericHTTPClient.swift */ = {isa = PBXFileReference; lastKnownFileType = sourcecode.swift; path = GenericHTTPClient.swift; sourceTree = "<group>"; };
		2E8629C526F927C900E59C48 /* GetBusiness.swift */ = {isa = PBXFileReference; lastKnownFileType = sourcecode.swift; path = GetBusiness.swift; sourceTree = "<group>"; };
		2E8629C926F927F800E59C48 /* GetBusinessesEndPoint.swift */ = {isa = PBXFileReference; lastKnownFileType = sourcecode.swift; path = GetBusinessesEndPoint.swift; sourceTree = "<group>"; };
		2E8629CC26F9283500E59C48 /* GetBusinessDetail.swift */ = {isa = PBXFileReference; lastKnownFileType = sourcecode.swift; path = GetBusinessDetail.swift; sourceTree = "<group>"; };
		2E8629CE26F9285C00E59C48 /* GetBusinessDetailEndpoint.swift */ = {isa = PBXFileReference; lastKnownFileType = sourcecode.swift; path = GetBusinessDetailEndpoint.swift; sourceTree = "<group>"; };
		2E8629D026F9287E00E59C48 /* ReleaseConfig.xcconfig */ = {isa = PBXFileReference; lastKnownFileType = text.xcconfig; path = ReleaseConfig.xcconfig; sourceTree = "<group>"; };
		2E8629D226F9297100E59C48 /* Configuration.swift */ = {isa = PBXFileReference; lastKnownFileType = sourcecode.swift; path = Configuration.swift; sourceTree = "<group>"; };
		2E8629D426F92BA000E59C48 /* BusinessDetailDTOs.swift */ = {isa = PBXFileReference; lastKnownFileType = sourcecode.swift; path = BusinessDetailDTOs.swift; sourceTree = "<group>"; };
		2E8629D626F92CCE00E59C48 /* BusinessDTOs.swift */ = {isa = PBXFileReference; lastKnownFileType = sourcecode.swift; path = BusinessDTOs.swift; sourceTree = "<group>"; };
		2E8629D826F92F1D00E59C48 /* BusinessDetailParser.swift */ = {isa = PBXFileReference; lastKnownFileType = sourcecode.swift; path = BusinessDetailParser.swift; sourceTree = "<group>"; };
		2E8629DA26F9312100E59C48 /* BusinessesParser.swift */ = {isa = PBXFileReference; lastKnownFileType = sourcecode.swift; path = BusinessesParser.swift; sourceTree = "<group>"; };
		2ECE0F4226FBB2DB004E0553 /* DevConfig.xcconfig */ = {isa = PBXFileReference; lastKnownFileType = text.xcconfig; path = DevConfig.xcconfig; sourceTree = "<group>"; };
/* End PBXFileReference section */

/* Begin PBXFrameworksBuildPhase section */
		2E86296326F9198700E59C48 /* Frameworks */ = {
			isa = PBXFrameworksBuildPhase;
			buildActionMask = 2147483647;
			files = (
			);
			runOnlyForDeploymentPostprocessing = 0;
		};
		2E86296C26F9198700E59C48 /* Frameworks */ = {
			isa = PBXFrameworksBuildPhase;
			buildActionMask = 2147483647;
			files = (
				2E86297026F9198700E59C48 /* LookForBussiness.framework in Frameworks */,
			);
			runOnlyForDeploymentPostprocessing = 0;
		};
/* End PBXFrameworksBuildPhase section */

/* Begin PBXGroup section */
		2E86295C26F9198700E59C48 = {
			isa = PBXGroup;
			children = (
				2E8629CB26F9281B00E59C48 /* Configuration */,
				2E8629C426F9275D00E59C48 /* UseCases */,
				2E8629BF26F926B500E59C48 /* ErrorManagement */,
				2E8629BC26F9257A00E59C48 /* GenericApiClient */,
				2E86296826F9198700E59C48 /* LookForBussiness */,
				2E86297326F9198700E59C48 /* LookForBussinessTests */,
				2E86296726F9198700E59C48 /* Products */,
			);
			sourceTree = "<group>";
		};
		2E86296726F9198700E59C48 /* Products */ = {
			isa = PBXGroup;
			children = (
				2E86296626F9198700E59C48 /* LookForBussiness.framework */,
				2E86296F26F9198700E59C48 /* LookForBussinessTests.xctest */,
			);
			name = Products;
			sourceTree = "<group>";
		};
		2E86296826F9198700E59C48 /* LookForBussiness */ = {
			isa = PBXGroup;
			children = (
				2E86296A26F9198700E59C48 /* Info.plist */,
			);
			path = LookForBussiness;
			sourceTree = "<group>";
		};
		2E86297326F9198700E59C48 /* LookForBussinessTests */ = {
			isa = PBXGroup;
			children = (
				2E86297426F9198700E59C48 /* LookForBussinessTests.swift */,
				2E86297626F9198700E59C48 /* Info.plist */,
			);
			path = LookForBussinessTests;
			sourceTree = "<group>";
		};
		2E8629BC26F9257A00E59C48 /* GenericApiClient */ = {
			isa = PBXGroup;
			children = (
				2E8629BD26F9264100E59C48 /* HttpRequestable.swift */,
				2E8629C226F9272600E59C48 /* GenericHTTPClient.swift */,
			);
			path = GenericApiClient;
			sourceTree = "<group>";
		};
		2E8629BF26F926B500E59C48 /* ErrorManagement */ = {
			isa = PBXGroup;
			children = (
				2E8629C026F926D300E59C48 /* CoreError.swift */,
			);
			path = ErrorManagement;
			sourceTree = "<group>";
		};
		2E8629C426F9275D00E59C48 /* UseCases */ = {
			isa = PBXGroup;
			children = (
				2E8629C826F927DD00E59C48 /* GetBusinessDetail */,
				2E8629C726F927D200E59C48 /* GetBusiness */,
			);
			path = UseCases;
			sourceTree = "<group>";
		};
		2E8629C726F927D200E59C48 /* GetBusiness */ = {
			isa = PBXGroup;
			children = (
				2E8629C526F927C900E59C48 /* GetBusiness.swift */,
				2E8629C926F927F800E59C48 /* GetBusinessesEndPoint.swift */,
				2E8629D626F92CCE00E59C48 /* BusinessDTOs.swift */,
				2E8629DA26F9312100E59C48 /* BusinessesParser.swift */,
			);
			path = GetBusiness;
			sourceTree = "<group>";
		};
		2E8629C826F927DD00E59C48 /* GetBusinessDetail */ = {
			isa = PBXGroup;
			children = (
				2E8629CC26F9283500E59C48 /* GetBusinessDetail.swift */,
				2E8629CE26F9285C00E59C48 /* GetBusinessDetailEndpoint.swift */,
				2E8629D426F92BA000E59C48 /* BusinessDetailDTOs.swift */,
				2E8629D826F92F1D00E59C48 /* BusinessDetailParser.swift */,
			);
			path = GetBusinessDetail;
			sourceTree = "<group>";
		};
		2E8629CB26F9281B00E59C48 /* Configuration */ = {
			isa = PBXGroup;
			children = (
				2ECE0F4226FBB2DB004E0553 /* DevConfig.xcconfig */,
				2E8629D026F9287E00E59C48 /* ReleaseConfig.xcconfig */,
				2E8629D226F9297100E59C48 /* Configuration.swift */,
			);
			path = Configuration;
			sourceTree = "<group>";
		};
/* End PBXGroup section */

/* Begin PBXHeadersBuildPhase section */
		2E86296126F9198700E59C48 /* Headers */ = {
			isa = PBXHeadersBuildPhase;
			buildActionMask = 2147483647;
			files = (
			);
			runOnlyForDeploymentPostprocessing = 0;
		};
/* End PBXHeadersBuildPhase section */

/* Begin PBXNativeTarget section */
		2E86296526F9198700E59C48 /* LookForBussiness */ = {
			isa = PBXNativeTarget;
			buildConfigurationList = 2E86297A26F9198700E59C48 /* Build configuration list for PBXNativeTarget "LookForBussiness" */;
			buildPhases = (
				2E86296126F9198700E59C48 /* Headers */,
				2E86296226F9198700E59C48 /* Sources */,
				2E86296326F9198700E59C48 /* Frameworks */,
				2E86296426F9198700E59C48 /* Resources */,
			);
			buildRules = (
			);
			dependencies = (
			);
			name = LookForBussiness;
			productName = LookForBussiness;
			productReference = 2E86296626F9198700E59C48 /* LookForBussiness.framework */;
			productType = "com.apple.product-type.framework";
		};
		2E86296E26F9198700E59C48 /* LookForBussinessTests */ = {
			isa = PBXNativeTarget;
			buildConfigurationList = 2E86297D26F9198700E59C48 /* Build configuration list for PBXNativeTarget "LookForBussinessTests" */;
			buildPhases = (
				2E86296B26F9198700E59C48 /* Sources */,
				2E86296C26F9198700E59C48 /* Frameworks */,
				2E86296D26F9198700E59C48 /* Resources */,
			);
			buildRules = (
			);
			dependencies = (
				2E86297226F9198700E59C48 /* PBXTargetDependency */,
			);
			name = LookForBussinessTests;
			productName = LookForBussinessTests;
			productReference = 2E86296F26F9198700E59C48 /* LookForBussinessTests.xctest */;
			productType = "com.apple.product-type.bundle.unit-test";
		};
/* End PBXNativeTarget section */

/* Begin PBXProject section */
		2E86295D26F9198700E59C48 /* Project object */ = {
			isa = PBXProject;
			attributes = {
				LastSwiftUpdateCheck = 1250;
				LastUpgradeCheck = 1250;
				TargetAttributes = {
					2E86296526F9198700E59C48 = {
						CreatedOnToolsVersion = 12.5.1;
						LastSwiftMigration = 1250;
					};
					2E86296E26F9198700E59C48 = {
						CreatedOnToolsVersion = 12.5.1;
					};
				};
			};
			buildConfigurationList = 2E86296026F9198700E59C48 /* Build configuration list for PBXProject "LookForBussiness" */;
			compatibilityVersion = "Xcode 9.3";
			developmentRegion = en;
			hasScannedForEncodings = 0;
			knownRegions = (
				en,
				Base,
			);
			mainGroup = 2E86295C26F9198700E59C48;
			productRefGroup = 2E86296726F9198700E59C48 /* Products */;
			projectDirPath = "";
			projectRoot = "";
			targets = (
				2E86296526F9198700E59C48 /* LookForBussiness */,
				2E86296E26F9198700E59C48 /* LookForBussinessTests */,
			);
		};
/* End PBXProject section */

/* Begin PBXResourcesBuildPhase section */
		2E86296426F9198700E59C48 /* Resources */ = {
			isa = PBXResourcesBuildPhase;
			buildActionMask = 2147483647;
			files = (
				2ECE0F4326FBB2DB004E0553 /* DevConfig.xcconfig in Resources */,
				2E8629D126F9287E00E59C48 /* ReleaseConfig.xcconfig in Resources */,
			);
			runOnlyForDeploymentPostprocessing = 0;
		};
		2E86296D26F9198700E59C48 /* Resources */ = {
			isa = PBXResourcesBuildPhase;
			buildActionMask = 2147483647;
			files = (
			);
			runOnlyForDeploymentPostprocessing = 0;
		};
/* End PBXResourcesBuildPhase section */

/* Begin PBXSourcesBuildPhase section */
		2E86296226F9198700E59C48 /* Sources */ = {
			isa = PBXSourcesBuildPhase;
			buildActionMask = 2147483647;
			files = (
				2E8629C626F927C900E59C48 /* GetBusiness.swift in Sources */,
				2E8629BE26F9264100E59C48 /* HttpRequestable.swift in Sources */,
				2E8629C326F9272600E59C48 /* GenericHTTPClient.swift in Sources */,
				2E8629D526F92BA000E59C48 /* BusinessDetailDTOs.swift in Sources */,
				2E8629CD26F9283500E59C48 /* GetBusinessDetail.swift in Sources */,
				2E8629C126F926D300E59C48 /* CoreError.swift in Sources */,
				2E8629DB26F9312100E59C48 /* BusinessesParser.swift in Sources */,
				2E8629CF26F9285C00E59C48 /* GetBusinessDetailEndpoint.swift in Sources */,
				2E8629D926F92F1D00E59C48 /* BusinessDetailParser.swift in Sources */,
				2E8629D726F92CCE00E59C48 /* BusinessDTOs.swift in Sources */,
				2E8629D326F9297100E59C48 /* Configuration.swift in Sources */,
				2E8629CA26F927F800E59C48 /* GetBusinessesEndPoint.swift in Sources */,
			);
			runOnlyForDeploymentPostprocessing = 0;
		};
		2E86296B26F9198700E59C48 /* Sources */ = {
			isa = PBXSourcesBuildPhase;
			buildActionMask = 2147483647;
			files = (
				2E86297526F9198700E59C48 /* LookForBussinessTests.swift in Sources */,
			);
			runOnlyForDeploymentPostprocessing = 0;
		};
/* End PBXSourcesBuildPhase section */

/* Begin PBXTargetDependency section */
		2E86297226F9198700E59C48 /* PBXTargetDependency */ = {
			isa = PBXTargetDependency;
			target = 2E86296526F9198700E59C48 /* LookForBussiness */;
			targetProxy = 2E86297126F9198700E59C48 /* PBXContainerItemProxy */;
		};
/* End PBXTargetDependency section */

/* Begin XCBuildConfiguration section */
		2E86297826F9198700E59C48 /* Debug */ = {
			isa = XCBuildConfiguration;
			buildSettings = {
				ALWAYS_SEARCH_USER_PATHS = NO;
				CLANG_ANALYZER_NONNULL = YES;
				CLANG_ANALYZER_NUMBER_OBJECT_CONVERSION = YES_AGGRESSIVE;
				CLANG_CXX_LANGUAGE_STANDARD = "gnu++14";
				CLANG_CXX_LIBRARY = "libc++";
				CLANG_ENABLE_MODULES = YES;
				CLANG_ENABLE_OBJC_ARC = YES;
				CLANG_ENABLE_OBJC_WEAK = YES;
				CLANG_WARN_BLOCK_CAPTURE_AUTORELEASING = YES;
				CLANG_WARN_BOOL_CONVERSION = YES;
				CLANG_WARN_COMMA = YES;
				CLANG_WARN_CONSTANT_CONVERSION = YES;
				CLANG_WARN_DEPRECATED_OBJC_IMPLEMENTATIONS = YES;
				CLANG_WARN_DIRECT_OBJC_ISA_USAGE = YES_ERROR;
				CLANG_WARN_DOCUMENTATION_COMMENTS = YES;
				CLANG_WARN_EMPTY_BODY = YES;
				CLANG_WARN_ENUM_CONVERSION = YES;
				CLANG_WARN_INFINITE_RECURSION = YES;
				CLANG_WARN_INT_CONVERSION = YES;
				CLANG_WARN_NON_LITERAL_NULL_CONVERSION = YES;
				CLANG_WARN_OBJC_IMPLICIT_RETAIN_SELF = YES;
				CLANG_WARN_OBJC_LITERAL_CONVERSION = YES;
				CLANG_WARN_OBJC_ROOT_CLASS = YES_ERROR;
				CLANG_WARN_QUOTED_INCLUDE_IN_FRAMEWORK_HEADER = YES;
				CLANG_WARN_RANGE_LOOP_ANALYSIS = YES;
				CLANG_WARN_STRICT_PROTOTYPES = YES;
				CLANG_WARN_SUSPICIOUS_MOVE = YES;
				CLANG_WARN_UNGUARDED_AVAILABILITY = YES_AGGRESSIVE;
				CLANG_WARN_UNREACHABLE_CODE = YES;
				CLANG_WARN__DUPLICATE_METHOD_MATCH = YES;
				COPY_PHASE_STRIP = NO;
				CURRENT_PROJECT_VERSION = 1;
				DEBUG_INFORMATION_FORMAT = dwarf;
				ENABLE_STRICT_OBJC_MSGSEND = YES;
				ENABLE_TESTABILITY = YES;
				GCC_C_LANGUAGE_STANDARD = gnu11;
				GCC_DYNAMIC_NO_PIC = NO;
				GCC_NO_COMMON_BLOCKS = YES;
				GCC_OPTIMIZATION_LEVEL = 0;
				GCC_PREPROCESSOR_DEFINITIONS = (
					"DEBUG=1",
					"$(inherited)",
				);
				GCC_WARN_64_TO_32_BIT_CONVERSION = YES;
				GCC_WARN_ABOUT_RETURN_TYPE = YES_ERROR;
				GCC_WARN_UNDECLARED_SELECTOR = YES;
				GCC_WARN_UNINITIALIZED_AUTOS = YES_AGGRESSIVE;
				GCC_WARN_UNUSED_FUNCTION = YES;
				GCC_WARN_UNUSED_VARIABLE = YES;
				MACOSX_DEPLOYMENT_TARGET = 11.3;
				MTL_ENABLE_DEBUG_INFO = INCLUDE_SOURCE;
				MTL_FAST_MATH = YES;
				ONLY_ACTIVE_ARCH = YES;
				SDKROOT = macosx;
				SWIFT_ACTIVE_COMPILATION_CONDITIONS = DEBUG;
				SWIFT_OPTIMIZATION_LEVEL = "-Onone";
				VERSIONING_SYSTEM = "apple-generic";
				VERSION_INFO_PREFIX = "";
			};
			name = Debug;
		};
		2E86297926F9198700E59C48 /* Release */ = {
			isa = XCBuildConfiguration;
			buildSettings = {
				ALWAYS_SEARCH_USER_PATHS = NO;
				CLANG_ANALYZER_NONNULL = YES;
				CLANG_ANALYZER_NUMBER_OBJECT_CONVERSION = YES_AGGRESSIVE;
				CLANG_CXX_LANGUAGE_STANDARD = "gnu++14";
				CLANG_CXX_LIBRARY = "libc++";
				CLANG_ENABLE_MODULES = YES;
				CLANG_ENABLE_OBJC_ARC = YES;
				CLANG_ENABLE_OBJC_WEAK = YES;
				CLANG_WARN_BLOCK_CAPTURE_AUTORELEASING = YES;
				CLANG_WARN_BOOL_CONVERSION = YES;
				CLANG_WARN_COMMA = YES;
				CLANG_WARN_CONSTANT_CONVERSION = YES;
				CLANG_WARN_DEPRECATED_OBJC_IMPLEMENTATIONS = YES;
				CLANG_WARN_DIRECT_OBJC_ISA_USAGE = YES_ERROR;
				CLANG_WARN_DOCUMENTATION_COMMENTS = YES;
				CLANG_WARN_EMPTY_BODY = YES;
				CLANG_WARN_ENUM_CONVERSION = YES;
				CLANG_WARN_INFINITE_RECURSION = YES;
				CLANG_WARN_INT_CONVERSION = YES;
				CLANG_WARN_NON_LITERAL_NULL_CONVERSION = YES;
				CLANG_WARN_OBJC_IMPLICIT_RETAIN_SELF = YES;
				CLANG_WARN_OBJC_LITERAL_CONVERSION = YES;
				CLANG_WARN_OBJC_ROOT_CLASS = YES_ERROR;
				CLANG_WARN_QUOTED_INCLUDE_IN_FRAMEWORK_HEADER = YES;
				CLANG_WARN_RANGE_LOOP_ANALYSIS = YES;
				CLANG_WARN_STRICT_PROTOTYPES = YES;
				CLANG_WARN_SUSPICIOUS_MOVE = YES;
				CLANG_WARN_UNGUARDED_AVAILABILITY = YES_AGGRESSIVE;
				CLANG_WARN_UNREACHABLE_CODE = YES;
				CLANG_WARN__DUPLICATE_METHOD_MATCH = YES;
				COPY_PHASE_STRIP = NO;
				CURRENT_PROJECT_VERSION = 1;
				DEBUG_INFORMATION_FORMAT = "dwarf-with-dsym";
				ENABLE_NS_ASSERTIONS = NO;
				ENABLE_STRICT_OBJC_MSGSEND = YES;
				GCC_C_LANGUAGE_STANDARD = gnu11;
				GCC_NO_COMMON_BLOCKS = YES;
				GCC_WARN_64_TO_32_BIT_CONVERSION = YES;
				GCC_WARN_ABOUT_RETURN_TYPE = YES_ERROR;
				GCC_WARN_UNDECLARED_SELECTOR = YES;
				GCC_WARN_UNINITIALIZED_AUTOS = YES_AGGRESSIVE;
				GCC_WARN_UNUSED_FUNCTION = YES;
				GCC_WARN_UNUSED_VARIABLE = YES;
				MACOSX_DEPLOYMENT_TARGET = 11.3;
				MTL_ENABLE_DEBUG_INFO = NO;
				MTL_FAST_MATH = YES;
				SDKROOT = macosx;
				SWIFT_COMPILATION_MODE = wholemodule;
				SWIFT_OPTIMIZATION_LEVEL = "-O";
				VERSIONING_SYSTEM = "apple-generic";
				VERSION_INFO_PREFIX = "";
			};
			name = Release;
		};
		2E86297B26F9198700E59C48 /* Debug */ = {
			isa = XCBuildConfiguration;
			baseConfigurationReference = 2ECE0F4226FBB2DB004E0553 /* DevConfig.xcconfig */;
			buildSettings = {
				CLANG_ENABLE_MODULES = YES;
				CODE_SIGN_STYLE = Automatic;
				COMBINE_HIDPI_IMAGES = YES;
				DEFINES_MODULE = YES;
				DEVELOPMENT_TEAM = R7J3GQ72T5;
				DYLIB_COMPATIBILITY_VERSION = 1;
				DYLIB_CURRENT_VERSION = 1;
				DYLIB_INSTALL_NAME_BASE = "@rpath";
				INFOPLIST_FILE = LookForBussiness/Info.plist;
				INSTALL_PATH = "$(LOCAL_LIBRARY_DIR)/Frameworks";
				IPHONEOS_DEPLOYMENT_TARGET = 13.0;
				LD_RUNPATH_SEARCH_PATHS = (
					"$(inherited)",
					"@executable_path/../Frameworks",
					"@loader_path/Frameworks",
				);
				PRODUCT_BUNDLE_IDENTIFIER = carlos.LookForBussiness;
				PRODUCT_NAME = "$(TARGET_NAME:c99extidentifier)";
				SKIP_INSTALL = YES;
				SUPPORTED_PLATFORMS = "macosx iphoneos iphonesimulator";
				SWIFT_OPTIMIZATION_LEVEL = "-Onone";
				SWIFT_VERSION = 5.0;
			};
			name = Debug;
		};
		2E86297C26F9198700E59C48 /* Release */ = {
			isa = XCBuildConfiguration;
			baseConfigurationReference = 2E8629D026F9287E00E59C48 /* ReleaseConfig.xcconfig */;
			buildSettings = {
				CLANG_ENABLE_MODULES = YES;
				CODE_SIGN_STYLE = Automatic;
				COMBINE_HIDPI_IMAGES = YES;
				DEFINES_MODULE = YES;
				DEVELOPMENT_TEAM = R7J3GQ72T5;
				DYLIB_COMPATIBILITY_VERSION = 1;
				DYLIB_CURRENT_VERSION = 1;
				DYLIB_INSTALL_NAME_BASE = "@rpath";
				INFOPLIST_FILE = LookForBussiness/Info.plist;
				INSTALL_PATH = "$(LOCAL_LIBRARY_DIR)/Frameworks";
				IPHONEOS_DEPLOYMENT_TARGET = 13.0;
				LD_RUNPATH_SEARCH_PATHS = (
					"$(inherited)",
					"@executable_path/../Frameworks",
					"@loader_path/Frameworks",
				);
				PRODUCT_BUNDLE_IDENTIFIER = carlos.LookForBussiness;
				PRODUCT_NAME = "$(TARGET_NAME:c99extidentifier)";
				SKIP_INSTALL = YES;
				SUPPORTED_PLATFORMS = "macosx iphoneos iphonesimulator";
				SWIFT_VERSION = 5.0;
			};
			name = Release;
		};
		2E86297E26F9198700E59C48 /* Debug */ = {
			isa = XCBuildConfiguration;
			buildSettings = {
				ALWAYS_EMBED_SWIFT_STANDARD_LIBRARIES = YES;
				CODE_SIGN_STYLE = Automatic;
				COMBINE_HIDPI_IMAGES = YES;
				DEVELOPMENT_TEAM = R7J3GQ72T5;
				INFOPLIST_FILE = LookForBussinessTests/Info.plist;
				LD_RUNPATH_SEARCH_PATHS = (
					"$(inherited)",
					"@executable_path/../Frameworks",
					"@loader_path/../Frameworks",
				);
				PRODUCT_BUNDLE_IDENTIFIER = carlos.LookForBussinessTests;
				PRODUCT_NAME = "$(TARGET_NAME)";
				SWIFT_VERSION = 5.0;
			};
			name = Debug;
		};
		2E86297F26F9198700E59C48 /* Release */ = {
			isa = XCBuildConfiguration;
			buildSettings = {
				ALWAYS_EMBED_SWIFT_STANDARD_LIBRARIES = YES;
				CODE_SIGN_STYLE = Automatic;
				COMBINE_HIDPI_IMAGES = YES;
				DEVELOPMENT_TEAM = R7J3GQ72T5;
				INFOPLIST_FILE = LookForBussinessTests/Info.plist;
				LD_RUNPATH_SEARCH_PATHS = (
					"$(inherited)",
					"@executable_path/../Frameworks",
					"@loader_path/../Frameworks",
				);
				PRODUCT_BUNDLE_IDENTIFIER = carlos.LookForBussinessTests;
				PRODUCT_NAME = "$(TARGET_NAME)";
				SWIFT_VERSION = 5.0;
			};
			name = Release;
		};
/* End XCBuildConfiguration section */

/* Begin XCConfigurationList section */
		2E86296026F9198700E59C48 /* Build configuration list for PBXProject "LookForBussiness" */ = {
			isa = XCConfigurationList;
			buildConfigurations = (
				2E86297826F9198700E59C48 /* Debug */,
				2E86297926F9198700E59C48 /* Release */,
			);
			defaultConfigurationIsVisible = 0;
			defaultConfigurationName = Release;
		};
		2E86297A26F9198700E59C48 /* Build configuration list for PBXNativeTarget "LookForBussiness" */ = {
			isa = XCConfigurationList;
			buildConfigurations = (
				2E86297B26F9198700E59C48 /* Debug */,
				2E86297C26F9198700E59C48 /* Release */,
			);
			defaultConfigurationIsVisible = 0;
			defaultConfigurationName = Release;
		};
		2E86297D26F9198700E59C48 /* Build configuration list for PBXNativeTarget "LookForBussinessTests" */ = {
			isa = XCConfigurationList;
			buildConfigurations = (
				2E86297E26F9198700E59C48 /* Debug */,
				2E86297F26F9198700E59C48 /* Release */,
			);
			defaultConfigurationIsVisible = 0;
			defaultConfigurationName = Release;
		};
/* End XCConfigurationList section */
	};
	rootObject = 2E86295D26F9198700E59C48 /* Project object */;
}
